{
    "version": 3,
    "terraform_version": "0.7.13",
    "serial": 4,
    "lineage": "e02c9110-e55a-448c-9108-4d275198b069",
    "modules": [
        {
            "path": [
                "root"
            ],
            "outputs": {
                "public_ip": {
                    "sensitive": false,
                    "type": "string",
                    "value": "188.166.194.144"
                }
            },
            "resources": {
                "data.template_file.user_data": {
                    "type": "template_file",
                    "depends_on": [],
                    "primary": {
                        "id": "1d91d9ea1823acc2d8327e77c98eb38809cf1ba92a5e0dd7ca7c6300aea6f18c",
                        "attributes": {
                            "id": "1d91d9ea1823acc2d8327e77c98eb38809cf1ba92a5e0dd7ca7c6300aea6f18c",
                            "rendered": "#!/bin/bash\n\nsudo apt-get update\nsudo apt-get --yes install apt-transport-https ca-certificates\n\n# dev dependencies\nsudo apt-get --yes install git\n\nsudo apt-key adv --keyserver hkp://ha.pool.sks-keyservers.net:80 --recv-keys 58118E89F3A912897C070ADBF76221572C52609D\necho \"deb https://apt.dockerproject.org/repo ubuntu-xenial main\" | sudo tee /etc/apt/sources.list.d/docker.list\nsudo apt-get update\nsudo apt-get --yes install linux-image-extra-$(uname -r) linux-image-extra-virtual\nsudo apt-get --yes install docker-engine\nsudo service docker start\n",
                            "template": "#!/bin/bash\n\nsudo apt-get update\nsudo apt-get --yes install apt-transport-https ca-certificates\n\n# dev dependencies\nsudo apt-get --yes install git\n\nsudo apt-key adv --keyserver hkp://ha.pool.sks-keyservers.net:80 --recv-keys 58118E89F3A912897C070ADBF76221572C52609D\necho \"deb https://apt.dockerproject.org/repo ubuntu-xenial main\" | sudo tee /etc/apt/sources.list.d/docker.list\nsudo apt-get update\nsudo apt-get --yes install linux-image-extra-$(uname -r) linux-image-extra-virtual\nsudo apt-get --yes install docker-engine\nsudo service docker start\n"
                        },
                        "meta": {},
                        "tainted": false
                    },
                    "deposed": [],
                    "provider": ""
                },
                "digitalocean_droplet.dock": {
                    "type": "digitalocean_droplet",
                    "depends_on": [
                        "data.template_file.user_data",
                        "digitalocean_ssh_key.dock"
                    ],
                    "primary": {
                        "id": "36520638",
                        "attributes": {
                            "disk": "30",
                            "id": "36520638",
                            "image": "ubuntu-16-04-x64",
                            "ipv4_address": "139.59.133.173",
                            "ipv4_address_private": "10.135.26.56",
                            "ipv6": "true",
                            "ipv6_address": "2a03:b0c0:0003:00d0:0000:0000:2852:0001",
                            "ipv6_address_private": "",
                            "locked": "false",
                            "name": "dock",
                            "private_networking": "true",
                            "region": "fra1",
                            "resize_disk": "true",
                            "size": "1gb",
                            "ssh_keys.#": "1",
                            "ssh_keys.0": "5685099",
                            "status": "active",
                            "tags.#": "0",
                            "user_data": "#!/bin/bash\n\nsudo apt-get update\nsudo apt-get --yes install apt-transport-https ca-certificates\n\n# dev dependencies\nsudo apt-get --yes install git\n\nsudo apt-key adv --keyserver hkp://ha.pool.sks-keyservers.net:80 --recv-keys 58118E89F3A912897C070ADBF76221572C52609D\necho \"deb https://apt.dockerproject.org/repo ubuntu-xenial main\" | sudo tee /etc/apt/sources.list.d/docker.list\nsudo apt-get update\nsudo apt-get --yes install linux-image-extra-$(uname -r) linux-image-extra-virtual\nsudo apt-get --yes install docker-engine\nsudo service docker start\n",
                            "vcpus": "1"
                        },
                        "meta": {},
                        "tainted": false
                    },
                    "deposed": [],
                    "provider": ""
                },
                "digitalocean_floating_ip.dock": {
                    "type": "digitalocean_floating_ip",
                    "depends_on": [
                        "digitalocean_droplet.dock",
                        "digitalocean_droplet.dock"
                    ],
                    "primary": {
                        "id": "188.166.194.144",
                        "attributes": {
                            "droplet_id": "36520638",
                            "id": "188.166.194.144",
                            "ip_address": "188.166.194.144",
                            "region": "fra1"
                        },
                        "meta": {},
                        "tainted": false
                    },
                    "deposed": [],
                    "provider": ""
                },
                "digitalocean_ssh_key.dock": {
                    "type": "digitalocean_ssh_key",
                    "depends_on": [],
                    "primary": {
                        "id": "5685099",
                        "attributes": {
                            "fingerprint": "d9:1d:a8:3f:17:7d:32:5f:93:8a:cb:21:dc:af:7e:b0",
                            "id": "5685099",
                            "name": "Terraform Dock Test",
                            "public_key": "ssh-rsa AAAAB3NzaC1yc2EAAAADAQABAAACAQC0e6ikgKGGqJ3x64mEqsB08LGEz7W/XTksHw2L1xG7GY4uKiIhgCwVRmv2AmW2D5LpMd3Q8sYU52irFflUt48b3rn2vr6lq5cAe4+hpMENaOp80eO621vqqMvM5RX5lnH1YVdedI2N35Lbn4jPzCvL/RN/SQ+1UAcZ1tcgUuCudn63mjoYVkwqi+1jNzbXopq9nspDKYM4nzhen0DFjR+aufd6Jzsi8Rjrgn2wn2by0ZEki5VrG6OJ+kltOqjgfOqbsmEr2EBhK4KhZr/W1dNkXemLPmc2bL94YyRaWUZvCFp8x49D/i8BhLuMRNQSoBCKIzlK12cvp7g1Tv8yICMVVX4Mn7U8OHsYeH4G5/8XJPNHhHgRWcQPLwiOJ1gESk7RnI6OS+sMee0MMNjJUWnIzZksObvUNGvFX+WAxpRXXMTgaroU7x2LVpeuy8wbs4VpVDUf/hBd379DsUavWrwXD/l0w/rYhEV+URUgONYCM2oRT8DfzwmDOWWU89I4L0MFn3Kj8y/UZ33/G0bVtXrDVFSb8tUDuz7uMhhp+keTlUSS+VZMOEMkIpgMaVdbdY89FKLv6ADQwHTdSNR2mWUOe7QVFnPnFoQETmm6ywvHnYimnqKtW3MPGXqr/5DoHd8kUmKkaG+hkDpF+FU95ZV93Z9m/yO/xMqAj3tx8c6HVw== krispin.schulz@hitfoxgroup.com"
                        },
                        "meta": {},
                        "tainted": false
                    },
                    "deposed": [],
                    "provider": ""
                }
            },
            "depends_on": []
        }
    ]
}
